{
  "requires": true,
  "lockfileVersion": 1,
  "dependencies": {
    "incarousel": {
      "version": "1.1.2",
      "resolved": "https://registry.npmjs.org/incarousel/-/incarousel-1.1.2.tgz",
      "integrity": "sha512-mfNNrsTXrA2AfyaqBnc7S/4C+jUXqfnWrVJkj82rKSXYTaHQ8cVIv9kxt8gO1FccPqBNbOpCI+dOLPsZ7L1/sQ=="
    }
  }
}
